
Microsoft Visual Studio Solution File, Format Version 12.00
# Visual Studio Version 17
VisualStudioVersion = 17.12.35527.113 d17.12
MinimumVisualStudioVersion = 10.0.40219.1
Project("{2150E333-8FDC-42A3-9474-1A3956D46DE8}") = "Doc", "Doc", "{47D4902E-70A2-49AF-AD1B-830288035DF8}"
EndProject
Project("{2150E333-8FDC-42A3-9474-1A3956D46DE8}") = "Src", "Src", "{ED561817-50C5-4B42-A77A-04D24C2C6DEF}"
EndProject
Project("{2150E333-8FDC-42A3-9474-1A3956D46DE8}") = "Test", "Test", "{B4F7E81C-6E05-4F62-8539-EA49DD3BA572}"
EndProject
Project("{2150E333-8FDC-42A3-9474-1A3956D46DE8}") = "Common", "Common", "{956907C2-2EAC-4976-AAC0-A0E72B2AE60A}"
EndProject
Project("{2150E333-8FDC-42A3-9474-1A3956D46DE8}") = "core", "core", "{5C10686D-1C49-4E11-BEE7-AE835AFB798D}"
EndProject
Project("{2150E333-8FDC-42A3-9474-1A3956D46DE8}") = "Infrastructure", "Infrastructure", "{A44E3B73-6E7D-4D00-9AD5-AA9EC89774A2}"
EndProject
Project("{2150E333-8FDC-42A3-9474-1A3956D46DE8}") = "Presentation", "Presentation", "{50B92691-276F-4771-9AEC-F6A49EDC0CCC}"
EndProject
Project("{FAE04EC0-301F-11D3-BF4B-00C04F79EFBC}") = "newStore.Domain", "newStore.Domain\newStore.Domain.csproj", "{2D13608E-23D4-491A-91E8-80A5AA905139}"
EndProject
Project("{FAE04EC0-301F-11D3-BF4B-00C04F79EFBC}") = "newStore.Application", "newStore.Application\newStore.Application.csproj", "{52137B04-29F4-4272-A7E1-FD022F38D00C}"
EndProject
Project("{FAE04EC0-301F-11D3-BF4B-00C04F79EFBC}") = "newStore.Infrastructure", "newStore.Infrastructure\newStore.Infrastructure.csproj", "{05DBC7E3-8ABD-43A1-BF95-EBE10DDB56DB}"
EndProject
Project("{FAE04EC0-301F-11D3-BF4B-00C04F79EFBC}") = "newStore.Persistance", "newStore.persistance\newStore.Persistance.csproj", "{61FEC1D7-E6A4-4595-A900-229B4A6E866C}"
EndProject
Project("{FAE04EC0-301F-11D3-BF4B-00C04F79EFBC}") = "newStore.Common", "newStore.Common\newStore.Common.csproj", "{E59B7E4D-1F3A-4217-8D60-412F7743D053}"
EndProject
Project("{FAE04EC0-301F-11D3-BF4B-00C04F79EFBC}") = "EndPoint.newSite", "EndPoint.newSite\EndPoint.newSite.csproj", "{193D44EE-13DA-412A-9F73-CE638793095F}"
EndProject
Global
	GlobalSection(SolutionConfigurationPlatforms) = preSolution
		Debug|Any CPU = Debug|Any CPU
		Release|Any CPU = Release|Any CPU
	EndGlobalSection
	GlobalSection(ProjectConfigurationPlatforms) = postSolution
		{2D13608E-23D4-491A-91E8-80A5AA905139}.Debug|Any CPU.ActiveCfg = Debug|Any CPU
		{2D13608E-23D4-491A-91E8-80A5AA905139}.Debug|Any CPU.Build.0 = Debug|Any CPU
		{2D13608E-23D4-491A-91E8-80A5AA905139}.Release|Any CPU.ActiveCfg = Release|Any CPU
		{2D13608E-23D4-491A-91E8-80A5AA905139}.Release|Any CPU.Build.0 = Release|Any CPU
		{52137B04-29F4-4272-A7E1-FD022F38D00C}.Debug|Any CPU.ActiveCfg = Debug|Any CPU
		{52137B04-29F4-4272-A7E1-FD022F38D00C}.Debug|Any CPU.Build.0 = Debug|Any CPU
		{52137B04-29F4-4272-A7E1-FD022F38D00C}.Release|Any CPU.ActiveCfg = Release|Any CPU
		{52137B04-29F4-4272-A7E1-FD022F38D00C}.Release|Any CPU.Build.0 = Release|Any CPU
		{05DBC7E3-8ABD-43A1-BF95-EBE10DDB56DB}.Debug|Any CPU.ActiveCfg = Debug|Any CPU
		{05DBC7E3-8ABD-43A1-BF95-EBE10DDB56DB}.Debug|Any CPU.Build.0 = Debug|Any CPU
		{05DBC7E3-8ABD-43A1-BF95-EBE10DDB56DB}.Release|Any CPU.ActiveCfg = Release|Any CPU
		{05DBC7E3-8ABD-43A1-BF95-EBE10DDB56DB}.Release|Any CPU.Build.0 = Release|Any CPU
		{61FEC1D7-E6A4-4595-A900-229B4A6E866C}.Debug|Any CPU.ActiveCfg = Debug|Any CPU
		{61FEC1D7-E6A4-4595-A900-229B4A6E866C}.Debug|Any CPU.Build.0 = Debug|Any CPU
		{61FEC1D7-E6A4-4595-A900-229B4A6E866C}.Release|Any CPU.ActiveCfg = Release|Any CPU
		{61FEC1D7-E6A4-4595-A900-229B4A6E866C}.Release|Any CPU.Build.0 = Release|Any CPU
		{E59B7E4D-1F3A-4217-8D60-412F7743D053}.Debug|Any CPU.ActiveCfg = Debug|Any CPU
		{E59B7E4D-1F3A-4217-8D60-412F7743D053}.Debug|Any CPU.Build.0 = Debug|Any CPU
		{E59B7E4D-1F3A-4217-8D60-412F7743D053}.Release|Any CPU.ActiveCfg = Release|Any CPU
		{E59B7E4D-1F3A-4217-8D60-412F7743D053}.Release|Any CPU.Build.0 = Release|Any CPU
		{193D44EE-13DA-412A-9F73-CE638793095F}.Debug|Any CPU.ActiveCfg = Debug|Any CPU
		{193D44EE-13DA-412A-9F73-CE638793095F}.Debug|Any CPU.Build.0 = Debug|Any CPU
		{193D44EE-13DA-412A-9F73-CE638793095F}.Release|Any CPU.ActiveCfg = Release|Any CPU
		{193D44EE-13DA-412A-9F73-CE638793095F}.Release|Any CPU.Build.0 = Release|Any CPU
	EndGlobalSection
	GlobalSection(SolutionProperties) = preSolution
		HideSolutionNode = FALSE
	EndGlobalSection
	GlobalSection(NestedProjects) = preSolution
		{956907C2-2EAC-4976-AAC0-A0E72B2AE60A} = {ED561817-50C5-4B42-A77A-04D24C2C6DEF}
		{5C10686D-1C49-4E11-BEE7-AE835AFB798D} = {ED561817-50C5-4B42-A77A-04D24C2C6DEF}
		{A44E3B73-6E7D-4D00-9AD5-AA9EC89774A2} = {ED561817-50C5-4B42-A77A-04D24C2C6DEF}
		{50B92691-276F-4771-9AEC-F6A49EDC0CCC} = {ED561817-50C5-4B42-A77A-04D24C2C6DEF}
		{2D13608E-23D4-491A-91E8-80A5AA905139} = {5C10686D-1C49-4E11-BEE7-AE835AFB798D}
		{52137B04-29F4-4272-A7E1-FD022F38D00C} = {5C10686D-1C49-4E11-BEE7-AE835AFB798D}
		{05DBC7E3-8ABD-43A1-BF95-EBE10DDB56DB} = {A44E3B73-6E7D-4D00-9AD5-AA9EC89774A2}
		{61FEC1D7-E6A4-4595-A900-229B4A6E866C} = {A44E3B73-6E7D-4D00-9AD5-AA9EC89774A2}
		{E59B7E4D-1F3A-4217-8D60-412F7743D053} = {956907C2-2EAC-4976-AAC0-A0E72B2AE60A}
		{193D44EE-13DA-412A-9F73-CE638793095F} = {50B92691-276F-4771-9AEC-F6A49EDC0CCC}
	EndGlobalSection
EndGlobal
